// !$*UTF8*$!
{
	archiveVersion = 1;
	classes = {
	};
	objectVersion = 46;
	objects = {

/* Begin PBXBuildFile section */
		FD09D3521D8140A2006C52B7 /* main.m in Sources */ = {isa = PBXBuildFile; fileRef = FD09D3511D8140A2006C52B7 /* main.m */; };
		FD09D3551D8140A2006C52B7 /* AppDelegate.m in Sources */ = {isa = PBXBuildFile; fileRef = FD09D3541D8140A2006C52B7 /* AppDelegate.m */; };
		FD09D3581D8140A2006C52B7 /* ViewController.m in Sources */ = {isa = PBXBuildFile; fileRef = FD09D3571D8140A2006C52B7 /* ViewController.m */; };
		FD09D35D1D8140A2006C52B7 /* Assets.xcassets in Resources */ = {isa = PBXBuildFile; fileRef = FD09D35C1D8140A2006C52B7 /* Assets.xcassets */; };
		FD09D3601D8140A2006C52B7 /* LaunchScreen.storyboard in Resources */ = {isa = PBXBuildFile; fileRef = FD09D35E1D8140A2006C52B7 /* LaunchScreen.storyboard */; };
		FD09D3691D814DF0006C52B7 /* SecondViewController.m in Sources */ = {isa = PBXBuildFile; fileRef = FD09D3681D814DF0006C52B7 /* SecondViewController.m */; };
		FD09D3701D8155DD006C52B7 /* HWNavigationController.m in Sources */ = {isa = PBXBuildFile; fileRef = FD09D36F1D8155DD006C52B7 /* HWNavigationController.m */; };
/* End PBXBuildFile section */

/* Begin PBXFileReference section */
		FD09D34D1D8140A2006C52B7 /* BackBarButtonItem.app */ = {isa = PBXFileReference; explicitFileType = wrapper.application; includeInIndex = 0; path = BackBarButtonItem.app; sourceTree = BUILT_PRODUCTS_DIR; };
		FD09D3511D8140A2006C52B7 /* main.m */ = {isa = PBXFileReference; lastKnownFileType = sourcecode.c.objc; path = main.m; sourceTree = "<group>"; };
		FD09D3531D8140A2006C52B7 /* AppDelegate.h */ = {isa = PBXFileReference; lastKnownFileType = sourcecode.c.h; path = AppDelegate.h; sourceTree = "<group>"; };
		FD09D3541D8140A2006C52B7 /* AppDelegate.m */ = {isa = PBXFileReference; lastKnownFileType = sourcecode.c.objc; path = AppDelegate.m; sourceTree = "<group>"; };
		FD09D3561D8140A2006C52B7 /* ViewController.h */ = {isa = PBXFileReference; lastKnownFileType = sourcecode.c.h; path = ViewController.h; sourceTree = "<group>"; };
		FD09D3571D8140A2006C52B7 /* ViewController.m */ = {isa = PBXFileReference; lastKnownFileType = sourcecode.c.objc; path = ViewController.m; sourceTree = "<group>"; };
		FD09D35C1D8140A2006C52B7 /* Assets.xcassets */ = {isa = PBXFileReference; lastKnownFileType = folder.assetcatalog; path = Assets.xcassets; sourceTree = "<group>"; };
		FD09D35F1D8140A2006C52B7 /* Base */ = {isa = PBXFileReference; lastKnownFileType = file.storyboard; name = Base; path = Base.lproj/LaunchScreen.storyboard; sourceTree = "<group>"; };
		FD09D3611D8140A2006C52B7 /* Info.plist */ = {isa = PBXFileReference; lastKnownFileType = text.plist.xml; path = Info.plist; sourceTree = "<group>"; };
		FD09D3671D814DF0006C52B7 /* SecondViewController.h */ = {isa = PBXFileReference; fileEncoding = 4; lastKnownFileType = sourcecode.c.h; path = SecondViewController.h; sourceTree = "<group>"; };
		FD09D3681D814DF0006C52B7 /* SecondViewController.m */ = {isa = PBXFileReference; fileEncoding = 4; lastKnownFileType = sourcecode.c.objc; path = SecondViewController.m; sourceTree = "<group>"; };
		FD09D36E1D8155DD006C52B7 /* HWNavigationController.h */ = {isa = PBXFileReference; fileEncoding = 4; lastKnownFileType = sourcecode.c.h; path = HWNavigationController.h; sourceTree = "<group>"; };
		FD09D36F1D8155DD006C52B7 /* HWNavigationController.m */ = {isa = PBXFileReference; fileEncoding = 4; lastKnownFileType = sourcecode.c.objc; path = HWNavigationController.m; sourceTree = "<group>"; };
/* End PBXFileReference section */

/* Begin PBXFrameworksBuildPhase section */
		FD09D34A1D8140A2006C52B7 /* Frameworks */ = {
			isa = PBXFrameworksBuildPhase;
			buildActionMask = 2147483647;
			files = (
			);
			runOnlyForDeploymentPostprocessing = 0;
		};
/* End PBXFrameworksBuildPhase section */

/* Begin PBXGroup section */
		FD09D3441D8140A2006C52B7 = {
			isa = PBXGroup;
			children = (
				FD09D34F1D8140A2006C52B7 /* BackBarButtonItem */,
				FD09D34E1D8140A2006C52B7 /* Products */,
			);
			sourceTree = "<group>";
		};
		FD09D34E1D8140A2006C52B7 /* Products */ = {
			isa = PBXGroup;
			children = (
				FD09D34D1D8140A2006C52B7 /* BackBarButtonItem.app */,
			);
			name = Products;
			sourceTree = "<group>";
		};
		FD09D34F1D8140A2006C52B7 /* BackBarButtonItem */ = {
			isa = PBXGroup;
			children = (
				FD09D3531D8140A2006C52B7 /* AppDelegate.h */,
				FD09D3541D8140A2006C52B7 /* AppDelegate.m */,
				FD09D3561D8140A2006C52B7 /* ViewController.h */,
				FD09D3571D8140A2006C52B7 /* ViewController.m */,
				FD09D3671D814DF0006C52B7 /* SecondViewController.h */,
				FD09D3681D814DF0006C52B7 /* SecondViewController.m */,
				FD09D36E1D8155DD006C52B7 /* HWNavigationController.h */,
				FD09D36F1D8155DD006C52B7 /* HWNavigationController.m */,
				FD09D35C1D8140A2006C52B7 /* Assets.xcassets */,
				FD09D35E1D8140A2006C52B7 /* LaunchScreen.storyboard */,
				FD09D3611D8140A2006C52B7 /* Info.plist */,
				FD09D3501D8140A2006C52B7 /* Supporting Files */,
			);
			path = BackBarButtonItem;
			sourceTree = "<group>";
		};
		FD09D3501D8140A2006C52B7 /* Supporting Files */ = {
			isa = PBXGroup;
			children = (
				FD09D3511D8140A2006C52B7 /* main.m */,
			);
			name = "Supporting Files";
			sourceTree = "<group>";
		};
/* End PBXGroup section */

/* Begin PBXNativeTarget section */
		FD09D34C1D8140A2006C52B7 /* BackBarButtonItem */ = {
			isa = PBXNativeTarget;
			buildConfigurationList = FD09D3641D8140A2006C52B7 /* Build configuration list for PBXNativeTarget "BackBarButtonItem" */;
			buildPhases = (
				FD09D3491D8140A2006C52B7 /* Sources */,
				FD09D34A1D8140A2006C52B7 /* Frameworks */,
				FD09D34B1D8140A2006C52B7 /* Resources */,
			);
			buildRules = (
			);
			dependencies = (
			);
			name = BackBarButtonItem;
			productName = BackBarButtonItem;
			productReference = FD09D34D1D8140A2006C52B7 /* BackBarButtonItem.app */;
			productType = "com.apple.product-type.application";
		};
/* End PBXNativeTarget section */

/* Begin PBXProject section */
		FD09D3451D8140A2006C52B7 /* Project object */ = {
			isa = PBXProject;
			attributes = {
				LastUpgradeCheck = 0730;
				ORGANIZATIONNAME = wanglibank;
				TargetAttributes = {
					FD09D34C1D8140A2006C52B7 = {
						CreatedOnToolsVersion = 7.3;
					};
				};
			};
			buildConfigurationList = FD09D3481D8140A2006C52B7 /* Build configuration list for PBXProject "BackBarButtonItem" */;
			compatibilityVersion = "Xcode 3.2";
			developmentRegion = English;
			hasScannedForEncodings = 0;
			knownRegions = (
				en,
				Base,
			);
			mainGroup = FD09D3441D8140A2006C52B7;
			productRefGroup = FD09D34E1D8140A2006C52B7 /* Products */;
			projectDirPath = "";
			projectRoot = "";
			targets = (
				FD09D34C1D8140A2006C52B7 /* BackBarButtonItem */,
			);
		};
/* End PBXProject section */

/* Begin PBXResourcesBuildPhase section */
		FD09D34B1D8140A2006C52B7 /* Resources */ = {
			isa = PBXResourcesBuildPhase;
			buildActionMask = 2147483647;
			files = (
				FD09D3601D8140A2006C52B7 /* LaunchScreen.storyboard in Resources */,
				FD09D35D1D8140A2006C52B7 /* Assets.xcassets in Resources */,
			);
			runOnlyForDeploymentPostprocessing = 0;
		};
/* End PBXResourcesBuildPhase section */

/* Begin PBXSourcesBuildPhase section */
		FD09D3491D8140A2006C52B7 /* Sources */ = {
			isa = PBXSourcesBuildPhase;
			buildActionMask = 2147483647;
			files = (
				FD09D3701D8155DD006C52B7 /* HWNavigationController.m in Sources */,
				FD09D3691D814DF0006C52B7 /* SecondViewController.m in Sources */,
				FD09D3581D8140A2006C52B7 /* ViewController.m in Sources */,
				FD09D3551D8140A2006C52B7 /* AppDelegate.m in Sources */,
				FD09D3521D8140A2006C52B7 /* main.m in Sources */,
			);
			runOnlyForDeploymentPostprocessing = 0;
		};
/* End PBXSourcesBuildPhase section */

/* Begin PBXVariantGroup section */
		FD09D35E1D8140A2006C52B7 /* LaunchScreen.storyboard */ = {
			isa = PBXVariantGroup;
			children = (
				FD09D35F1D8140A2006C52B7 /* Base */,
			);
			name = LaunchScreen.storyboard;
			sourceTree = "<group>";
		};
/* End PBXVariantGroup section */

/* Begin XCBuildConfiguration section */
		FD09D3621D8140A2006C52B7 /* Debug */ = {
			isa = XCBuildConfiguration;
			buildSettings = {
				ALWAYS_SEARCH_USER_PATHS = NO;
				CLANG_ANALYZER_NONNULL = YES;
				CLANG_CXX_LANGUAGE_STANDARD = "gnu++0x";
				CLANG_CXX_LIBRARY = "libc++";
				CLANG_ENABLE_MODULES = YES;
				CLANG_ENABLE_OBJC_ARC = YES;
				CLANG_WARN_BOOL_CONVERSION = YES;
				CLANG_WARN_CONSTANT_CONVERSION = YES;
				CLANG_WARN_DIRECT_OBJC_ISA_USAGE = YES_ERROR;
				CLANG_WARN_EMPTY_BODY = YES;
				CLANG_WARN_ENUM_CONVERSION = YES;
				CLANG_WARN_INT_CONVERSION = YES;
				CLANG_WARN_OBJC_ROOT_CLASS = YES_ERROR;
				CLANG_WARN_UNREACHABLE_CODE = YES;
				CLANG_WARN__DUPLICATE_METHOD_MATCH = YES;
				"CODE_SIGN_IDENTITY[sdk=iphoneos*]" = "iPhone Developer";
				COPY_PHASE_STRIP = NO;
				DEBUG_INFORMATION_FORMAT = dwarf;
				ENABLE_STRICT_OBJC_MSGSEND = YES;
				ENABLE_TESTABILITY = YES;
				GCC_C_LANGUAGE_STANDARD = gnu99;
				GCC_DYNAMIC_NO_PIC = NO;
				GCC_NO_COMMON_BLOCKS = YES;
				GCC_OPTIMIZATION_LEVEL = 0;
				GCC_PREPROCESSOR_DEFINITIONS = (
					"DEBUG=1",
					"$(inherited)",
				);
				GCC_WARN_64_TO_32_BIT_CONVERSION = YES;
				GCC_WARN_ABOUT_RETURN_TYPE = YES_ERROR;
				GCC_WARN_UNDECLARED_SELECTOR = YES;
				GCC_WARN_UNINITIALIZED_AUTOS = YES_AGGRESSIVE;
				GCC_WARN_UNUSED_FUNCTION = YES;
				GCC_WARN_UNUSED_VARIABLE = YES;
				IPHONEOS_DEPLOYMENT_TARGET = 9.3;
				MTL_ENABLE_DEBUG_INFO = YES;
				ONLY_ACTIVE_ARCH = YES;
				SDKROOT = iphoneos;
			};
			name = Debug;
		};
		FD09D3631D8140A2006C52B7 /* Release */ = {
			isa = XCBuildConfiguration;
			buildSettings = {
				ALWAYS_SEARCH_USER_PATHS = NO;
				CLANG_ANALYZER_NONNULL = YES;
				CLANG_CXX_LANGUAGE_STANDARD = "gnu++0x";
				CLANG_CXX_LIBRARY = "libc++";
				CLANG_ENABLE_MODULES = YES;
				CLANG_ENABLE_OBJC_ARC = YES;
				CLANG_WARN_BOOL_CONVERSION = YES;
				CLANG_WARN_CONSTANT_CONVERSION = YES;
				CLANG_WARN_DIRECT_OBJC_ISA_USAGE = YES_ERROR;
				CLANG_WARN_EMPTY_BODY = YES;
				CLANG_WARN_ENUM_CONVERSION = YES;
				CLANG_WARN_INT_CONVERSION = YES;
				CLANG_WARN_OBJC_ROOT_CLASS = YES_ERROR;
				CLANG_WARN_UNREACHABLE_CODE = YES;
				CLANG_WARN__DUPLICATE_METHOD_MATCH = YES;
				"CODE_SIGN_IDENTITY[sdk=iphoneos*]" = "iPhone Developer";
				COPY_PHASE_STRIP = NO;
				DEBUG_INFORMATION_FORMAT = "dwarf-with-dsym";
				ENABLE_NS_ASSERTIONS = NO;
				ENABLE_STRICT_OBJC_MSGSEND = YES;
				GCC_C_LANGUAGE_STANDARD = gnu99;
				GCC_NO_COMMON_BLOCKS = YES;
				GCC_WARN_64_TO_32_BIT_CONVERSION = YES;
				GCC_WARN_ABOUT_RETURN_TYPE = YES_ERROR;
				GCC_WARN_UNDECLARED_SELECTOR = YES;
				GCC_WARN_UNINITIALIZED_AUTOS = YES_AGGRESSIVE;
				GCC_WARN_UNUSED_FUNCTION = YES;
				GCC_WARN_UNUSED_VARIABLE = YES;
				IPHONEOS_DEPLOYMENT_TARGET = 9.3;
				MTL_ENABLE_DEBUG_INFO = NO;
				SDKROOT = iphoneos;
				VALIDATE_PRODUCT = YES;
			};
			name = Release;
		};
		FD09D3651D8140A2006C52B7 /* Debug */ = {
			isa = XCBuildConfiguration;
			buildSettings = {
				ASSETCATALOG_COMPILER_APPICON_NAME = AppIcon;
				INFOPLIST_FILE = BackBarButtonItem/Info.plist;
				LD_RUNPATH_SEARCH_PATHS = "$(inherited) @executable_path/Frameworks";
				PRODUCT_BUNDLE_IDENTIFIER = com.wanglibank.BackBarButtonItem;
				PRODUCT_NAME = "$(TARGET_NAME)";
			};
			name = Debug;
		};
		FD09D3661D8140A2006C52B7 /* Release */ = {
			isa = XCBuildConfiguration;
			buildSettings = {
				ASSETCATALOG_COMPILER_APPICON_NAME = AppIcon;
				INFOPLIST_FILE = BackBarButtonItem/Info.plist;
				LD_RUNPATH_SEARCH_PATHS = "$(inherited) @executable_path/Frameworks";
				PRODUCT_BUNDLE_IDENTIFIER = com.wanglibank.BackBarButtonItem;
				PRODUCT_NAME = "$(TARGET_NAME)";
			};
			name = Release;
		};
/* End XCBuildConfiguration section */

/* Begin XCConfigurationList section */
		FD09D3481D8140A2006C52B7 /* Build configuration list for PBXProject "BackBarButtonItem" */ = {
			isa = XCConfigurationList;
			buildConfigurations = (
				FD09D3621D8140A2006C52B7 /* Debug */,
				FD09D3631D8140A2006C52B7 /* Release */,
			);
			defaultConfigurationIsVisible = 0;
			defaultConfigurationName = Release;
		};
		FD09D3641D8140A2006C52B7 /* Build configuration list for PBXNativeTarget "BackBarButtonItem" */ = {
			isa = XCConfigurationList;
			buildConfigurations = (
				FD09D3651D8140A2006C52B7 /* Debug */,
				FD09D3661D8140A2006C52B7 /* Release */,
			);
			defaultConfigurationIsVisible = 0;
			defaultConfigurationName = Release;
		};
/* End XCConfigurationList section */
	};
	rootObject = FD09D3451D8140A2006C52B7 /* Project object */;
}
